
Microsoft Visual Studio Solution File, Format Version 12.00
# Visual Studio Version 17
VisualStudioVersion = 17.11.35327.3
MinimumVisualStudioVersion = 10.0.40219.1
Project("{FAE04EC0-301F-11D3-BF4B-00C04F79EFBC}") = "Adventure", "Adventure\Adventure.csproj", "{047C0300-DB9E-4A06-804F-356DBFFB34FE}"
EndProject
Global
	GlobalSection(SolutionConfigurationPlatforms) = preSolution
		Debug|Any CPU = Debug|Any CPU
		Release|Any CPU = Release|Any CPU
	EndGlobalSection
	GlobalSection(ProjectConfigurationPlatforms) = postSolution
		{047C0300-DB9E-4A06-804F-356DBFFB34FE}.Debug|Any CPU.ActiveCfg = Debug|Any CPU
		{047C0300-DB9E-4A06-804F-356DBFFB34FE}.Debug|Any CPU.Build.0 = Debug|Any CPU
		{047C0300-DB9E-4A06-804F-356DBFFB34FE}.Release|Any CPU.ActiveCfg = Release|Any CPU
		{047C0300-DB9E-4A06-804F-356DBFFB34FE}.Release|Any CPU.Build.0 = Release|Any CPU
	EndGlobalSection
	GlobalSection(SolutionProperties) = preSolution
		HideSolutionNode = FALSE
	EndGlobalSection
	GlobalSection(ExtensibilityGlobals) = postSolution
		SolutionGuid = {8CA4150C-31AE-4C22-BCAF-262A647B7903}
	EndGlobalSection
EndGlobal
